
Microsoft Visual Studio Solution File, Format Version 12.00
# Visual Studio Version 17
VisualStudioVersion = 17.11.35219.272
MinimumVisualStudioVersion = 10.0.40219.1
Project("{9A19103F-16F7-4668-BE54-9A1E7A4F7556}") = "EmployeeManagement.Api", "EmployeeManagement.Api\EmployeeManagement.Api.csproj", "{D9AB9477-1405-434C-9A0D-3344338F1E93}"
EndProject
Project("{FAE04EC0-301F-11D3-BF4B-00C04F79EFBC}") = "EmployeeManagement.Models", "EmployeeManagement.Models\EmployeeManagement.Models.csproj", "{9B3F765F-510A-4469-A1D2-C8EFA4BECA53}"
EndProject
Project("{FAE04EC0-301F-11D3-BF4B-00C04F79EFBC}") = "Employeemanagement.Web", "Employeemanagement.Web\Employeemanagement.Web.csproj", "{77E3B583-7628-49B1-900B-046A3AA9DF4B}"
EndProject
Global
	GlobalSection(SolutionConfigurationPlatforms) = preSolution
		Debug|Any CPU = Debug|Any CPU
		Release|Any CPU = Release|Any CPU
	EndGlobalSection
	GlobalSection(ProjectConfigurationPlatforms) = postSolution
		{D9AB9477-1405-434C-9A0D-3344338F1E93}.Debug|Any CPU.ActiveCfg = Debug|Any CPU
		{D9AB9477-1405-434C-9A0D-3344338F1E93}.Debug|Any CPU.Build.0 = Debug|Any CPU
		{D9AB9477-1405-434C-9A0D-3344338F1E93}.Release|Any CPU.ActiveCfg = Release|Any CPU
		{D9AB9477-1405-434C-9A0D-3344338F1E93}.Release|Any CPU.Build.0 = Release|Any CPU
		{9B3F765F-510A-4469-A1D2-C8EFA4BECA53}.Debug|Any CPU.ActiveCfg = Debug|Any CPU
		{9B3F765F-510A-4469-A1D2-C8EFA4BECA53}.Debug|Any CPU.Build.0 = Debug|Any CPU
		{9B3F765F-510A-4469-A1D2-C8EFA4BECA53}.Release|Any CPU.ActiveCfg = Release|Any CPU
		{9B3F765F-510A-4469-A1D2-C8EFA4BECA53}.Release|Any CPU.Build.0 = Release|Any CPU
		{77E3B583-7628-49B1-900B-046A3AA9DF4B}.Debug|Any CPU.ActiveCfg = Debug|Any CPU
		{77E3B583-7628-49B1-900B-046A3AA9DF4B}.Debug|Any CPU.Build.0 = Debug|Any CPU
		{77E3B583-7628-49B1-900B-046A3AA9DF4B}.Release|Any CPU.ActiveCfg = Release|Any CPU
		{77E3B583-7628-49B1-900B-046A3AA9DF4B}.Release|Any CPU.Build.0 = Release|Any CPU
	EndGlobalSection
	GlobalSection(SolutionProperties) = preSolution
		HideSolutionNode = FALSE
	EndGlobalSection
	GlobalSection(ExtensibilityGlobals) = postSolution
		SolutionGuid = {F1247CAB-50E2-4E80-9AA3-D716278D4A4C}
	EndGlobalSection
EndGlobal
